
Microsoft Visual Studio Solution File, Format Version 12.00
# Visual Studio Version 16
VisualStudioVersion = 16.0.29230.47
MinimumVisualStudioVersion = 10.0.40219.1
Project("{8BC9CEB8-8B4A-11D0-8D11-00A0C91BC942}") = "Lab 5 Number Guessing Game", "Lab 5 Number Guessing Game\Lab 5 Number Guessing Game.vcxproj", "{0EBF0551-6103-4BE9-8866-6F5A92508A51}"
EndProject
Global
	GlobalSection(SolutionConfigurationPlatforms) = preSolution
		Debug|x64 = Debug|x64
		Debug|x86 = Debug|x86
		Release|x64 = Release|x64
		Release|x86 = Release|x86
	EndGlobalSection
	GlobalSection(ProjectConfigurationPlatforms) = postSolution
		{0EBF0551-6103-4BE9-8866-6F5A92508A51}.Debug|x64.ActiveCfg = Debug|x64
		{0EBF0551-6103-4BE9-8866-6F5A92508A51}.Debug|x64.Build.0 = Debug|x64
		{0EBF0551-6103-4BE9-8866-6F5A92508A51}.Debug|x86.ActiveCfg = Debug|Win32
		{0EBF0551-6103-4BE9-8866-6F5A92508A51}.Debug|x86.Build.0 = Debug|Win32
		{0EBF0551-6103-4BE9-8866-6F5A92508A51}.Release|x64.ActiveCfg = Release|x64
		{0EBF0551-6103-4BE9-8866-6F5A92508A51}.Release|x64.Build.0 = Release|x64
		{0EBF0551-6103-4BE9-8866-6F5A92508A51}.Release|x86.ActiveCfg = Release|Win32
		{0EBF0551-6103-4BE9-8866-6F5A92508A51}.Release|x86.Build.0 = Release|Win32
	EndGlobalSection
	GlobalSection(SolutionProperties) = preSolution
		HideSolutionNode = FALSE
	EndGlobalSection
	GlobalSection(ExtensibilityGlobals) = postSolution
		SolutionGuid = {78AD918D-1CEA-4338-97B6-88D4DF021C48}
	EndGlobalSection
EndGlobal
